
Microsoft Visual Studio Solution File, Format Version 12.00
# Visual Studio 15
VisualStudioVersion = 15.0.28010.2036
MinimumVisualStudioVersion = 10.0.40219.1
Project("{FAE04EC0-301F-11D3-BF4B-00C04F79EFBC}") = "Number_Long++", "Number_Long++\Number_Long++.csproj", "{DE50B0D5-CCF3-4523-83A1-7F71138F3690}"
EndProject
Project("{FAE04EC0-301F-11D3-BF4B-00C04F79EFBC}") = "UnitTest", "UnitTest\UnitTest.csproj", "{0D72E4BA-17A1-418B-BD26-C93AF974BB29}"
EndProject
Global
	GlobalSection(SolutionConfigurationPlatforms) = preSolution
		Debug|Any CPU = Debug|Any CPU
		Release|Any CPU = Release|Any CPU
	EndGlobalSection
	GlobalSection(ProjectConfigurationPlatforms) = postSolution
		{DE50B0D5-CCF3-4523-83A1-7F71138F3690}.Debug|Any CPU.ActiveCfg = Debug|Any CPU
		{DE50B0D5-CCF3-4523-83A1-7F71138F3690}.Debug|Any CPU.Build.0 = Debug|Any CPU
		{DE50B0D5-CCF3-4523-83A1-7F71138F3690}.Release|Any CPU.ActiveCfg = Release|Any CPU
		{DE50B0D5-CCF3-4523-83A1-7F71138F3690}.Release|Any CPU.Build.0 = Release|Any CPU
		{0D72E4BA-17A1-418B-BD26-C93AF974BB29}.Debug|Any CPU.ActiveCfg = Debug|Any CPU
		{0D72E4BA-17A1-418B-BD26-C93AF974BB29}.Debug|Any CPU.Build.0 = Debug|Any CPU
		{0D72E4BA-17A1-418B-BD26-C93AF974BB29}.Release|Any CPU.ActiveCfg = Release|Any CPU
		{0D72E4BA-17A1-418B-BD26-C93AF974BB29}.Release|Any CPU.Build.0 = Release|Any CPU
	EndGlobalSection
	GlobalSection(SolutionProperties) = preSolution
		HideSolutionNode = FALSE
	EndGlobalSection
	GlobalSection(ExtensibilityGlobals) = postSolution
		SolutionGuid = {E164AC75-E962-482E-AE97-AA58F00395AE}
	EndGlobalSection
EndGlobal
